
Microsoft Visual Studio Solution File, Format Version 12.00
# Visual Studio Version 16
VisualStudioVersion = 16.0.31005.135
MinimumVisualStudioVersion = 10.0.40219.1
Project("{9A19103F-16F7-4668-BE54-9A1E7A4F7556}") = "TapoDevices", "TapoDevices\TapoDevices.csproj", "{D587AF71-41C2-4266-860A-3E8DDE1B175F}"
EndProject
Project("{9A19103F-16F7-4668-BE54-9A1E7A4F7556}") = "TapoDevicesDemoApp", "TapoDevicesDemoApp\TapoDevicesDemoApp.csproj", "{8324D976-C5EE-4D5A-BF1F-5006AD7B9102}"
EndProject
Project("{2150E333-8FDC-42A3-9474-1A3956D46DE8}") = "Docs", "Docs", "{1804AF89-B30E-4229-B233-3B20649189F1}"
	ProjectSection(SolutionItems) = preProject
		..\README.md = ..\README.md
	EndProjectSection
EndProject
Global
	GlobalSection(SolutionConfigurationPlatforms) = preSolution
		Debug|Any CPU = Debug|Any CPU
		Release|Any CPU = Release|Any CPU
	EndGlobalSection
	GlobalSection(ProjectConfigurationPlatforms) = postSolution
		{D587AF71-41C2-4266-860A-3E8DDE1B175F}.Debug|Any CPU.ActiveCfg = Debug|Any CPU
		{D587AF71-41C2-4266-860A-3E8DDE1B175F}.Debug|Any CPU.Build.0 = Debug|Any CPU
		{D587AF71-41C2-4266-860A-3E8DDE1B175F}.Release|Any CPU.ActiveCfg = Release|Any CPU
		{D587AF71-41C2-4266-860A-3E8DDE1B175F}.Release|Any CPU.Build.0 = Release|Any CPU
		{8324D976-C5EE-4D5A-BF1F-5006AD7B9102}.Debug|Any CPU.ActiveCfg = Debug|Any CPU
		{8324D976-C5EE-4D5A-BF1F-5006AD7B9102}.Debug|Any CPU.Build.0 = Debug|Any CPU
		{8324D976-C5EE-4D5A-BF1F-5006AD7B9102}.Release|Any CPU.ActiveCfg = Release|Any CPU
		{8324D976-C5EE-4D5A-BF1F-5006AD7B9102}.Release|Any CPU.Build.0 = Release|Any CPU
	EndGlobalSection
	GlobalSection(SolutionProperties) = preSolution
		HideSolutionNode = FALSE
	EndGlobalSection
	GlobalSection(ExtensibilityGlobals) = postSolution
		SolutionGuid = {20EBEB14-8B87-4B58-9A55-013DB671B7FA}
	EndGlobalSection
EndGlobal
